dependencies:
- name: mysql
  repository: https://charts.bitnami.com/bitnami
  version: 8.8.23
- name: traefik
  repository: https://helm.traefik.io/traefik
  version: 10.1.2
- name: kafka
  repository: https://charts.bitnami.com/bitnami
  version: 15.0.3
digest: sha256:a82365dc562def1f9ddf8817e212c349efffa117811d6fc4fcb4a07631851b8f
generated: "2022-02-24T21:38:06.028463812+03:00"
